// !$*UTF8*$!
{
	archiveVersion = 1;
	classes = {
	};
	objectVersion = 56;
	objects = {

/* Begin PBXBuildFile section */
		5C656D912A989E5300842777 /* AppDelegate.swift in Sources */ = {isa = PBXBuildFile; fileRef = 5C656D902A989E5300842777 /* AppDelegate.swift */; };
		5C656D932A989E5300842777 /* SceneDelegate.swift in Sources */ = {isa = PBXBuildFile; fileRef = 5C656D922A989E5300842777 /* SceneDelegate.swift */; };
		5C656D982A989E5300842777 /* Main.storyboard in Resources */ = {isa = PBXBuildFile; fileRef = 5C656D962A989E5300842777 /* Main.storyboard */; };
		5C656D9D2A989E5700842777 /* Assets.xcassets in Resources */ = {isa = PBXBuildFile; fileRef = 5C656D9C2A989E5700842777 /* Assets.xcassets */; };
		5C656DA02A989E5700842777 /* LaunchScreen.storyboard in Resources */ = {isa = PBXBuildFile; fileRef = 5C656D9E2A989E5700842777 /* LaunchScreen.storyboard */; };
		5C656DAB2A989E5800842777 /* HomeAssignmentUITests.swift in Sources */ = {isa = PBXBuildFile; fileRef = 5C656DAA2A989E5800842777 /* HomeAssignmentUITests.swift */; };
		5C656DB52A989E5800842777 /* HomeAssignmentUIUITests.swift in Sources */ = {isa = PBXBuildFile; fileRef = 5C656DB42A989E5800842777 /* HomeAssignmentUIUITests.swift */; };
		5C656DB72A989E5800842777 /* HomeAssignmentUIUITestsLaunchTests.swift in Sources */ = {isa = PBXBuildFile; fileRef = 5C656DB62A989E5800842777 /* HomeAssignmentUIUITestsLaunchTests.swift */; };
		5C656DC42A98A45600842777 /* ContentTableViewController.swift in Sources */ = {isa = PBXBuildFile; fileRef = 5C656DC32A98A45600842777 /* ContentTableViewController.swift */; };
		5C656DC62A98A79F00842777 /* ContantTableViewCell.swift in Sources */ = {isa = PBXBuildFile; fileRef = 5C656DC52A98A79F00842777 /* ContantTableViewCell.swift */; };
		5C656DC82A98BEAC00842777 /* DetailsViewController.swift in Sources */ = {isa = PBXBuildFile; fileRef = 5C656DC72A98BEAC00842777 /* DetailsViewController.swift */; };
		5C656DCC2A98C4D700842777 /* ContentTableViewModel.swift in Sources */ = {isa = PBXBuildFile; fileRef = 5C656DC92A98C4D600842777 /* ContentTableViewModel.swift */; };
		5C656DCD2A98C4D700842777 /* ContentCellViewModel.swift in Sources */ = {isa = PBXBuildFile; fileRef = 5C656DCA2A98C4D600842777 /* ContentCellViewModel.swift */; };
		5C656DCE2A98C4D700842777 /* DetailsViewModel.swift in Sources */ = {isa = PBXBuildFile; fileRef = 5C656DCB2A98C4D700842777 /* DetailsViewModel.swift */; };
		5C656DE12A98D68F00842777 /* ImageDownloader.swift in Sources */ = {isa = PBXBuildFile; fileRef = 5C656DDF2A98D68E00842777 /* ImageDownloader.swift */; };
		5C656DE42A98D7CF00842777 /* DataLoader.swift in Sources */ = {isa = PBXBuildFile; fileRef = 5C656DE32A98D7CF00842777 /* DataLoader.swift */; };
		5CFF2AA82A98F1B3000C0291 /* testpage.json in Resources */ = {isa = PBXBuildFile; fileRef = 5CFF2AA72A98F1B2000C0291 /* testpage.json */; };
/* End PBXBuildFile section */

/* Begin PBXContainerItemProxy section */
		5C656DA72A989E5800842777 /* PBXContainerItemProxy */ = {
			isa = PBXContainerItemProxy;
			containerPortal = 5C656D852A989E5300842777 /* Project object */;
			proxyType = 1;
			remoteGlobalIDString = 5C656D8C2A989E5300842777;
			remoteInfo = HomeAssignmentUI;
		};
		5C656DB12A989E5800842777 /* PBXContainerItemProxy */ = {
			isa = PBXContainerItemProxy;
			containerPortal = 5C656D852A989E5300842777 /* Project object */;
			proxyType = 1;
			remoteGlobalIDString = 5C656D8C2A989E5300842777;
			remoteInfo = HomeAssignmentUI;
		};
/* End PBXContainerItemProxy section */

/* Begin PBXFileReference section */
		5C656D8D2A989E5300842777 /* HomeAssignmentUI.app */ = {isa = PBXFileReference; explicitFileType = wrapper.application; includeInIndex = 0; path = HomeAssignmentUI.app; sourceTree = BUILT_PRODUCTS_DIR; };
		5C656D902A989E5300842777 /* AppDelegate.swift */ = {isa = PBXFileReference; lastKnownFileType = sourcecode.swift; path = AppDelegate.swift; sourceTree = "<group>"; };
		5C656D922A989E5300842777 /* SceneDelegate.swift */ = {isa = PBXFileReference; lastKnownFileType = sourcecode.swift; path = SceneDelegate.swift; sourceTree = "<group>"; };
		5C656D972A989E5300842777 /* Base */ = {isa = PBXFileReference; lastKnownFileType = file.storyboard; name = Base; path = Base.lproj/Main.storyboard; sourceTree = "<group>"; };
		5C656D9C2A989E5700842777 /* Assets.xcassets */ = {isa = PBXFileReference; lastKnownFileType = folder.assetcatalog; path = Assets.xcassets; sourceTree = "<group>"; };
		5C656D9F2A989E5700842777 /* Base */ = {isa = PBXFileReference; lastKnownFileType = file.storyboard; name = Base; path = Base.lproj/LaunchScreen.storyboard; sourceTree = "<group>"; };
		5C656DA12A989E5700842777 /* Info.plist */ = {isa = PBXFileReference; lastKnownFileType = text.plist.xml; path = Info.plist; sourceTree = "<group>"; };
		5C656DA62A989E5800842777 /* HomeAssignmentUITests.xctest */ = {isa = PBXFileReference; explicitFileType = wrapper.cfbundle; includeInIndex = 0; path = HomeAssignmentUITests.xctest; sourceTree = BUILT_PRODUCTS_DIR; };
		5C656DAA2A989E5800842777 /* HomeAssignmentUITests.swift */ = {isa = PBXFileReference; lastKnownFileType = sourcecode.swift; path = HomeAssignmentUITests.swift; sourceTree = "<group>"; };
		5C656DB02A989E5800842777 /* HomeAssignmentUIUITests.xctest */ = {isa = PBXFileReference; explicitFileType = wrapper.cfbundle; includeInIndex = 0; path = HomeAssignmentUIUITests.xctest; sourceTree = BUILT_PRODUCTS_DIR; };
		5C656DB42A989E5800842777 /* HomeAssignmentUIUITests.swift */ = {isa = PBXFileReference; lastKnownFileType = sourcecode.swift; path = HomeAssignmentUIUITests.swift; sourceTree = "<group>"; };
		5C656DB62A989E5800842777 /* HomeAssignmentUIUITestsLaunchTests.swift */ = {isa = PBXFileReference; lastKnownFileType = sourcecode.swift; path = HomeAssignmentUIUITestsLaunchTests.swift; sourceTree = "<group>"; };
		5C656DC32A98A45600842777 /* ContentTableViewController.swift */ = {isa = PBXFileReference; lastKnownFileType = sourcecode.swift; path = ContentTableViewController.swift; sourceTree = "<group>"; };
		5C656DC52A98A79F00842777 /* ContantTableViewCell.swift */ = {isa = PBXFileReference; lastKnownFileType = sourcecode.swift; path = ContantTableViewCell.swift; sourceTree = "<group>"; };
		5C656DC72A98BEAC00842777 /* DetailsViewController.swift */ = {isa = PBXFileReference; lastKnownFileType = sourcecode.swift; path = DetailsViewController.swift; sourceTree = "<group>"; };
		5C656DC92A98C4D600842777 /* ContentTableViewModel.swift */ = {isa = PBXFileReference; fileEncoding = 4; lastKnownFileType = sourcecode.swift; path = ContentTableViewModel.swift; sourceTree = "<group>"; };
		5C656DCA2A98C4D600842777 /* ContentCellViewModel.swift */ = {isa = PBXFileReference; fileEncoding = 4; lastKnownFileType = sourcecode.swift; path = ContentCellViewModel.swift; sourceTree = "<group>"; };
		5C656DCB2A98C4D700842777 /* DetailsViewModel.swift */ = {isa = PBXFileReference; fileEncoding = 4; lastKnownFileType = sourcecode.swift; path = DetailsViewModel.swift; sourceTree = "<group>"; };
		5C656DDF2A98D68E00842777 /* ImageDownloader.swift */ = {isa = PBXFileReference; fileEncoding = 4; lastKnownFileType = sourcecode.swift; path = ImageDownloader.swift; sourceTree = "<group>"; };
		5C656DE32A98D7CF00842777 /* DataLoader.swift */ = {isa = PBXFileReference; lastKnownFileType = sourcecode.swift; path = DataLoader.swift; sourceTree = "<group>"; };
		5CFF2AA72A98F1B2000C0291 /* testpage.json */ = {isa = PBXFileReference; fileEncoding = 4; lastKnownFileType = text.json; path = testpage.json; sourceTree = "<group>"; };
/* End PBXFileReference section */

/* Begin PBXFrameworksBuildPhase section */
		5C656D8A2A989E5300842777 /* Frameworks */ = {
			isa = PBXFrameworksBuildPhase;
			buildActionMask = 2147483647;
			files = (
			);
			runOnlyForDeploymentPostprocessing = 0;
		};
		5C656DA32A989E5800842777 /* Frameworks */ = {
			isa = PBXFrameworksBuildPhase;
			buildActionMask = 2147483647;
			files = (
			);
			runOnlyForDeploymentPostprocessing = 0;
		};
		5C656DAD2A989E5800842777 /* Frameworks */ = {
			isa = PBXFrameworksBuildPhase;
			buildActionMask = 2147483647;
			files = (
			);
			runOnlyForDeploymentPostprocessing = 0;
		};
/* End PBXFrameworksBuildPhase section */

/* Begin PBXGroup section */
		5C656D842A989E5300842777 = {
			isa = PBXGroup;
			children = (
				5C656D8F2A989E5300842777 /* HomeAssignmentUI */,
				5C656DA92A989E5800842777 /* HomeAssignmentUITests */,
				5C656DB32A989E5800842777 /* HomeAssignmentUIUITests */,
				5C656D8E2A989E5300842777 /* Products */,
			);
			sourceTree = "<group>";
		};
		5C656D8E2A989E5300842777 /* Products */ = {
			isa = PBXGroup;
			children = (
				5C656D8D2A989E5300842777 /* HomeAssignmentUI.app */,
				5C656DA62A989E5800842777 /* HomeAssignmentUITests.xctest */,
				5C656DB02A989E5800842777 /* HomeAssignmentUIUITests.xctest */,
			);
			name = Products;
			sourceTree = "<group>";
		};
		5C656D8F2A989E5300842777 /* HomeAssignmentUI */ = {
			isa = PBXGroup;
			children = (
				5C656D902A989E5300842777 /* AppDelegate.swift */,
				5C656D922A989E5300842777 /* SceneDelegate.swift */,
				5C656DC32A98A45600842777 /* ContentTableViewController.swift */,
				5C656DC92A98C4D600842777 /* ContentTableViewModel.swift */,
				5C656DC52A98A79F00842777 /* ContantTableViewCell.swift */,
				5C656DCA2A98C4D600842777 /* ContentCellViewModel.swift */,
				5C656DC72A98BEAC00842777 /* DetailsViewController.swift */,
				5C656DCB2A98C4D700842777 /* DetailsViewModel.swift */,
				5C656DDF2A98D68E00842777 /* ImageDownloader.swift */,
				5C656DE32A98D7CF00842777 /* DataLoader.swift */,
				5C656D962A989E5300842777 /* Main.storyboard */,
				5C656D9C2A989E5700842777 /* Assets.xcassets */,
				5C656D9E2A989E5700842777 /* LaunchScreen.storyboard */,
				5C656DA12A989E5700842777 /* Info.plist */,
				5CFF2AA72A98F1B2000C0291 /* testpage.json */,
			);
			path = HomeAssignmentUI;
			sourceTree = "<group>";
		};
		5C656DA92A989E5800842777 /* HomeAssignmentUITests */ = {
			isa = PBXGroup;
			children = (
				5C656DAA2A989E5800842777 /* HomeAssignmentUITests.swift */,
			);
			path = HomeAssignmentUITests;
			sourceTree = "<group>";
		};
		5C656DB32A989E5800842777 /* HomeAssignmentUIUITests */ = {
			isa = PBXGroup;
			children = (
				5C656DB42A989E5800842777 /* HomeAssignmentUIUITests.swift */,
				5C656DB62A989E5800842777 /* HomeAssignmentUIUITestsLaunchTests.swift */,
			);
			path = HomeAssignmentUIUITests;
			sourceTree = "<group>";
		};
/* End PBXGroup section */

/* Begin PBXNativeTarget section */
		5C656D8C2A989E5300842777 /* HomeAssignmentUI */ = {
			isa = PBXNativeTarget;
			buildConfigurationList = 5C656DBA2A989E5800842777 /* Build configuration list for PBXNativeTarget "HomeAssignmentUI" */;
			buildPhases = (
				5C656D892A989E5300842777 /* Sources */,
				5C656D8A2A989E5300842777 /* Frameworks */,
				5C656D8B2A989E5300842777 /* Resources */,
			);
			buildRules = (
			);
			dependencies = (
			);
			name = HomeAssignmentUI;
			productName = HomeAssignmentUI;
			productReference = 5C656D8D2A989E5300842777 /* HomeAssignmentUI.app */;
			productType = "com.apple.product-type.application";
		};
		5C656DA52A989E5800842777 /* HomeAssignmentUITests */ = {
			isa = PBXNativeTarget;
			buildConfigurationList = 5C656DBD2A989E5800842777 /* Build configuration list for PBXNativeTarget "HomeAssignmentUITests" */;
			buildPhases = (
				5C656DA22A989E5800842777 /* Sources */,
				5C656DA32A989E5800842777 /* Frameworks */,
				5C656DA42A989E5800842777 /* Resources */,
			);
			buildRules = (
			);
			dependencies = (
				5C656DA82A989E5800842777 /* PBXTargetDependency */,
			);
			name = HomeAssignmentUITests;
			productName = HomeAssignmentUITests;
			productReference = 5C656DA62A989E5800842777 /* HomeAssignmentUITests.xctest */;
			productType = "com.apple.product-type.bundle.unit-test";
		};
		5C656DAF2A989E5800842777 /* HomeAssignmentUIUITests */ = {
			isa = PBXNativeTarget;
			buildConfigurationList = 5C656DC02A989E5800842777 /* Build configuration list for PBXNativeTarget "HomeAssignmentUIUITests" */;
			buildPhases = (
				5C656DAC2A989E5800842777 /* Sources */,
				5C656DAD2A989E5800842777 /* Frameworks */,
				5C656DAE2A989E5800842777 /* Resources */,
			);
			buildRules = (
			);
			dependencies = (
				5C656DB22A989E5800842777 /* PBXTargetDependency */,
			);
			name = HomeAssignmentUIUITests;
			productName = HomeAssignmentUIUITests;
			productReference = 5C656DB02A989E5800842777 /* HomeAssignmentUIUITests.xctest */;
			productType = "com.apple.product-type.bundle.ui-testing";
		};
/* End PBXNativeTarget section */

/* Begin PBXProject section */
		5C656D852A989E5300842777 /* Project object */ = {
			isa = PBXProject;
			attributes = {
				BuildIndependentTargetsInParallel = 1;
				LastSwiftUpdateCheck = 1420;
				LastUpgradeCheck = 1420;
				TargetAttributes = {
					5C656D8C2A989E5300842777 = {
						CreatedOnToolsVersion = 14.2;
					};
					5C656DA52A989E5800842777 = {
						CreatedOnToolsVersion = 14.2;
						TestTargetID = 5C656D8C2A989E5300842777;
					};
					5C656DAF2A989E5800842777 = {
						CreatedOnToolsVersion = 14.2;
						TestTargetID = 5C656D8C2A989E5300842777;
					};
				};
			};
			buildConfigurationList = 5C656D882A989E5300842777 /* Build configuration list for PBXProject "HomeAssignmentUI" */;
			compatibilityVersion = "Xcode 14.0";
			developmentRegion = en;
			hasScannedForEncodings = 0;
			knownRegions = (
				en,
				Base,
			);
			mainGroup = 5C656D842A989E5300842777;
			productRefGroup = 5C656D8E2A989E5300842777 /* Products */;
			projectDirPath = "";
			projectRoot = "";
			targets = (
				5C656D8C2A989E5300842777 /* HomeAssignmentUI */,
				5C656DA52A989E5800842777 /* HomeAssignmentUITests */,
				5C656DAF2A989E5800842777 /* HomeAssignmentUIUITests */,
			);
		};
/* End PBXProject section */

/* Begin PBXResourcesBuildPhase section */
		5C656D8B2A989E5300842777 /* Resources */ = {
			isa = PBXResourcesBuildPhase;
			buildActionMask = 2147483647;
			files = (
				5C656DA02A989E5700842777 /* LaunchScreen.storyboard in Resources */,
				5C656D9D2A989E5700842777 /* Assets.xcassets in Resources */,
				5CFF2AA82A98F1B3000C0291 /* testpage.json in Resources */,
				5C656D982A989E5300842777 /* Main.storyboard in Resources */,
			);
			runOnlyForDeploymentPostprocessing = 0;
		};
		5C656DA42A989E5800842777 /* Resources */ = {
			isa = PBXResourcesBuildPhase;
			buildActionMask = 2147483647;
			files = (
			);
			runOnlyForDeploymentPostprocessing = 0;
		};
		5C656DAE2A989E5800842777 /* Resources */ = {
			isa = PBXResourcesBuildPhase;
			buildActionMask = 2147483647;
			files = (
			);
			runOnlyForDeploymentPostprocessing = 0;
		};
/* End PBXResourcesBuildPhase section */

/* Begin PBXSourcesBuildPhase section */
		5C656D892A989E5300842777 /* Sources */ = {
			isa = PBXSourcesBuildPhase;
			buildActionMask = 2147483647;
			files = (
				5C656DCC2A98C4D700842777 /* ContentTableViewModel.swift in Sources */,
				5C656D912A989E5300842777 /* AppDelegate.swift in Sources */,
				5C656DC62A98A79F00842777 /* ContantTableViewCell.swift in Sources */,
				5C656D932A989E5300842777 /* SceneDelegate.swift in Sources */,
				5C656DC42A98A45600842777 /* ContentTableViewController.swift in Sources */,
				5C656DE12A98D68F00842777 /* ImageDownloader.swift in Sources */,
				5C656DE42A98D7CF00842777 /* DataLoader.swift in Sources */,
				5C656DCE2A98C4D700842777 /* DetailsViewModel.swift in Sources */,
				5C656DC82A98BEAC00842777 /* DetailsViewController.swift in Sources */,
				5C656DCD2A98C4D700842777 /* ContentCellViewModel.swift in Sources */,
			);
			runOnlyForDeploymentPostprocessing = 0;
		};
		5C656DA22A989E5800842777 /* Sources */ = {
			isa = PBXSourcesBuildPhase;
			buildActionMask = 2147483647;
			files = (
				5C656DAB2A989E5800842777 /* HomeAssignmentUITests.swift in Sources */,
			);
			runOnlyForDeploymentPostprocessing = 0;
		};
		5C656DAC2A989E5800842777 /* Sources */ = {
			isa = PBXSourcesBuildPhase;
			buildActionMask = 2147483647;
			files = (
				5C656DB72A989E5800842777 /* HomeAssignmentUIUITestsLaunchTests.swift in Sources */,
				5C656DB52A989E5800842777 /* HomeAssignmentUIUITests.swift in Sources */,
			);
			runOnlyForDeploymentPostprocessing = 0;
		};
/* End PBXSourcesBuildPhase section */

/* Begin PBXTargetDependency section */
		5C656DA82A989E5800842777 /* PBXTargetDependency */ = {
			isa = PBXTargetDependency;
			target = 5C656D8C2A989E5300842777 /* HomeAssignmentUI */;
			targetProxy = 5C656DA72A989E5800842777 /* PBXContainerItemProxy */;
		};
		5C656DB22A989E5800842777 /* PBXTargetDependency */ = {
			isa = PBXTargetDependency;
			target = 5C656D8C2A989E5300842777 /* HomeAssignmentUI */;
			targetProxy = 5C656DB12A989E5800842777 /* PBXContainerItemProxy */;
		};
/* End PBXTargetDependency section */

/* Begin PBXVariantGroup section */
		5C656D962A989E5300842777 /* Main.storyboard */ = {
			isa = PBXVariantGroup;
			children = (
				5C656D972A989E5300842777 /* Base */,
			);
			name = Main.storyboard;
			sourceTree = "<group>";
		};
		5C656D9E2A989E5700842777 /* LaunchScreen.storyboard */ = {
			isa = PBXVariantGroup;
			children = (
				5C656D9F2A989E5700842777 /* Base */,
			);
			name = LaunchScreen.storyboard;
			sourceTree = "<group>";
		};
/* End PBXVariantGroup section */

/* Begin XCBuildConfiguration section */
		5C656DB82A989E5800842777 /* Debug */ = {
			isa = XCBuildConfiguration;
			buildSettings = {
				ALWAYS_SEARCH_USER_PATHS = NO;
				CLANG_ANALYZER_NONNULL = YES;
				CLANG_ANALYZER_NUMBER_OBJECT_CONVERSION = YES_AGGRESSIVE;
				CLANG_CXX_LANGUAGE_STANDARD = "gnu++20";
				CLANG_ENABLE_MODULES = YES;
				CLANG_ENABLE_OBJC_ARC = YES;
				CLANG_ENABLE_OBJC_WEAK = YES;
				CLANG_WARN_BLOCK_CAPTURE_AUTORELEASING = YES;
				CLANG_WARN_BOOL_CONVERSION = YES;
				CLANG_WARN_COMMA = YES;
				CLANG_WARN_CONSTANT_CONVERSION = YES;
				CLANG_WARN_DEPRECATED_OBJC_IMPLEMENTATIONS = YES;
				CLANG_WARN_DIRECT_OBJC_ISA_USAGE = YES_ERROR;
				CLANG_WARN_DOCUMENTATION_COMMENTS = YES;
				CLANG_WARN_EMPTY_BODY = YES;
				CLANG_WARN_ENUM_CONVERSION = YES;
				CLANG_WARN_INFINITE_RECURSION = YES;
				CLANG_WARN_INT_CONVERSION = YES;
				CLANG_WARN_NON_LITERAL_NULL_CONVERSION = YES;
				CLANG_WARN_OBJC_IMPLICIT_RETAIN_SELF = YES;
				CLANG_WARN_OBJC_LITERAL_CONVERSION = YES;
				CLANG_WARN_OBJC_ROOT_CLASS = YES_ERROR;
				CLANG_WARN_QUOTED_INCLUDE_IN_FRAMEWORK_HEADER = YES;
				CLANG_WARN_RANGE_LOOP_ANALYSIS = YES;
				CLANG_WARN_STRICT_PROTOTYPES = YES;
				CLANG_WARN_SUSPICIOUS_MOVE = YES;
				CLANG_WARN_UNGUARDED_AVAILABILITY = YES_AGGRESSIVE;
				CLANG_WARN_UNREACHABLE_CODE = YES;
				CLANG_WARN__DUPLICATE_METHOD_MATCH = YES;
				COPY_PHASE_STRIP = NO;
				DEBUG_INFORMATION_FORMAT = dwarf;
				ENABLE_STRICT_OBJC_MSGSEND = YES;
				ENABLE_TESTABILITY = YES;
				GCC_C_LANGUAGE_STANDARD = gnu11;
				GCC_DYNAMIC_NO_PIC = NO;
				GCC_NO_COMMON_BLOCKS = YES;
				GCC_OPTIMIZATION_LEVEL = 0;
				GCC_PREPROCESSOR_DEFINITIONS = (
					"DEBUG=1",
					"$(inherited)",
				);
				GCC_WARN_64_TO_32_BIT_CONVERSION = YES;
				GCC_WARN_ABOUT_RETURN_TYPE = YES_ERROR;
				GCC_WARN_UNDECLARED_SELECTOR = YES;
				GCC_WARN_UNINITIALIZED_AUTOS = YES_AGGRESSIVE;
				GCC_WARN_UNUSED_FUNCTION = YES;
				GCC_WARN_UNUSED_VARIABLE = YES;
				IPHONEOS_DEPLOYMENT_TARGET = 16.2;
				MTL_ENABLE_DEBUG_INFO = INCLUDE_SOURCE;
				MTL_FAST_MATH = YES;
				ONLY_ACTIVE_ARCH = YES;
				SDKROOT = iphoneos;
				SWIFT_ACTIVE_COMPILATION_CONDITIONS = DEBUG;
				SWIFT_OPTIMIZATION_LEVEL = "-Onone";
			};
			name = Debug;
		};
		5C656DB92A989E5800842777 /* Release */ = {
			isa = XCBuildConfiguration;
			buildSettings = {
				ALWAYS_SEARCH_USER_PATHS = NO;
				CLANG_ANALYZER_NONNULL = YES;
				CLANG_ANALYZER_NUMBER_OBJECT_CONVERSION = YES_AGGRESSIVE;
				CLANG_CXX_LANGUAGE_STANDARD = "gnu++20";
				CLANG_ENABLE_MODULES = YES;
				CLANG_ENABLE_OBJC_ARC = YES;
				CLANG_ENABLE_OBJC_WEAK = YES;
				CLANG_WARN_BLOCK_CAPTURE_AUTORELEASING = YES;
				CLANG_WARN_BOOL_CONVERSION = YES;
				CLANG_WARN_COMMA = YES;
				CLANG_WARN_CONSTANT_CONVERSION = YES;
				CLANG_WARN_DEPRECATED_OBJC_IMPLEMENTATIONS = YES;
				CLANG_WARN_DIRECT_OBJC_ISA_USAGE = YES_ERROR;
				CLANG_WARN_DOCUMENTATION_COMMENTS = YES;
				CLANG_WARN_EMPTY_BODY = YES;
				CLANG_WARN_ENUM_CONVERSION = YES;
				CLANG_WARN_INFINITE_RECURSION = YES;
				CLANG_WARN_INT_CONVERSION = YES;
				CLANG_WARN_NON_LITERAL_NULL_CONVERSION = YES;
				CLANG_WARN_OBJC_IMPLICIT_RETAIN_SELF = YES;
				CLANG_WARN_OBJC_LITERAL_CONVERSION = YES;
				CLANG_WARN_OBJC_ROOT_CLASS = YES_ERROR;
				CLANG_WARN_QUOTED_INCLUDE_IN_FRAMEWORK_HEADER = YES;
				CLANG_WARN_RANGE_LOOP_ANALYSIS = YES;
				CLANG_WARN_STRICT_PROTOTYPES = YES;
				CLANG_WARN_SUSPICIOUS_MOVE = YES;
				CLANG_WARN_UNGUARDED_AVAILABILITY = YES_AGGRESSIVE;
				CLANG_WARN_UNREACHABLE_CODE = YES;
				CLANG_WARN__DUPLICATE_METHOD_MATCH = YES;
				COPY_PHASE_STRIP = NO;
				DEBUG_INFORMATION_FORMAT = "dwarf-with-dsym";
				ENABLE_NS_ASSERTIONS = NO;
				ENABLE_STRICT_OBJC_MSGSEND = YES;
				GCC_C_LANGUAGE_STANDARD = gnu11;
				GCC_NO_COMMON_BLOCKS = YES;
				GCC_WARN_64_TO_32_BIT_CONVERSION = YES;
				GCC_WARN_ABOUT_RETURN_TYPE = YES_ERROR;
				GCC_WARN_UNDECLARED_SELECTOR = YES;
				GCC_WARN_UNINITIALIZED_AUTOS = YES_AGGRESSIVE;
				GCC_WARN_UNUSED_FUNCTION = YES;
				GCC_WARN_UNUSED_VARIABLE = YES;
				IPHONEOS_DEPLOYMENT_TARGET = 16.2;
				MTL_ENABLE_DEBUG_INFO = NO;
				MTL_FAST_MATH = YES;
				SDKROOT = iphoneos;
				SWIFT_COMPILATION_MODE = wholemodule;
				SWIFT_OPTIMIZATION_LEVEL = "-O";
				VALIDATE_PRODUCT = YES;
			};
			name = Release;
		};
		5C656DBB2A989E5800842777 /* Debug */ = {
			isa = XCBuildConfiguration;
			buildSettings = {
				ASSETCATALOG_COMPILER_APPICON_NAME = AppIcon;
				ASSETCATALOG_COMPILER_GLOBAL_ACCENT_COLOR_NAME = AccentColor;
				CODE_SIGN_STYLE = Automatic;
				CURRENT_PROJECT_VERSION = 1;
				DEVELOPMENT_TEAM = CM866MBGB3;
				GENERATE_INFOPLIST_FILE = YES;
				INFOPLIST_FILE = HomeAssignmentUI/Info.plist;
				INFOPLIST_KEY_UIApplicationSupportsIndirectInputEvents = YES;
				INFOPLIST_KEY_UILaunchStoryboardName = LaunchScreen;
				INFOPLIST_KEY_UIMainStoryboardFile = Main;
				INFOPLIST_KEY_UISupportedInterfaceOrientations_iPad = "UIInterfaceOrientationPortrait UIInterfaceOrientationPortraitUpsideDown UIInterfaceOrientationLandscapeLeft UIInterfaceOrientationLandscapeRight";
				INFOPLIST_KEY_UISupportedInterfaceOrientations_iPhone = "UIInterfaceOrientationPortrait UIInterfaceOrientationLandscapeLeft UIInterfaceOrientationLandscapeRight";
				LD_RUNPATH_SEARCH_PATHS = (
					"$(inherited)",
					"@executable_path/Frameworks",
				);
				MARKETING_VERSION = 1.0;
				PRODUCT_BUNDLE_IDENTIFIER = a.b.HomeAssignmentUI;
				PRODUCT_NAME = "$(TARGET_NAME)";
				SWIFT_EMIT_LOC_STRINGS = YES;
				SWIFT_VERSION = 5.0;
				TARGETED_DEVICE_FAMILY = "1,2";
			};
			name = Debug;
		};
		5C656DBC2A989E5800842777 /* Release */ = {
			isa = XCBuildConfiguration;
			buildSettings = {
				ASSETCATALOG_COMPILER_APPICON_NAME = AppIcon;
				ASSETCATALOG_COMPILER_GLOBAL_ACCENT_COLOR_NAME = AccentColor;
				CODE_SIGN_STYLE = Automatic;
				CURRENT_PROJECT_VERSION = 1;
				DEVELOPMENT_TEAM = CM866MBGB3;
				GENERATE_INFOPLIST_FILE = YES;
				INFOPLIST_FILE = HomeAssignmentUI/Info.plist;
				INFOPLIST_KEY_UIApplicationSupportsIndirectInputEvents = YES;
				INFOPLIST_KEY_UILaunchStoryboardName = LaunchScreen;
				INFOPLIST_KEY_UIMainStoryboardFile = Main;
				INFOPLIST_KEY_UISupportedInterfaceOrientations_iPad = "UIInterfaceOrientationPortrait UIInterfaceOrientationPortraitUpsideDown UIInterfaceOrientationLandscapeLeft UIInterfaceOrientationLandscapeRight";
				INFOPLIST_KEY_UISupportedInterfaceOrientations_iPhone = "UIInterfaceOrientationPortrait UIInterfaceOrientationLandscapeLeft UIInterfaceOrientationLandscapeRight";
				LD_RUNPATH_SEARCH_PATHS = (
					"$(inherited)",
					"@executable_path/Frameworks",
				);
				MARKETING_VERSION = 1.0;
				PRODUCT_BUNDLE_IDENTIFIER = a.b.HomeAssignmentUI;
				PRODUCT_NAME = "$(TARGET_NAME)";
				SWIFT_EMIT_LOC_STRINGS = YES;
				SWIFT_VERSION = 5.0;
				TARGETED_DEVICE_FAMILY = "1,2";
			};
			name = Release;
		};
		5C656DBE2A989E5800842777 /* Debug */ = {
			isa = XCBuildConfiguration;
			buildSettings = {
				ALWAYS_EMBED_SWIFT_STANDARD_LIBRARIES = YES;
				BUNDLE_LOADER = "$(TEST_HOST)";
				CODE_SIGN_STYLE = Automatic;
				CURRENT_PROJECT_VERSION = 1;
				DEVELOPMENT_TEAM = CM866MBGB3;
				GENERATE_INFOPLIST_FILE = YES;
				IPHONEOS_DEPLOYMENT_TARGET = 16.2;
				MARKETING_VERSION = 1.0;
				PRODUCT_BUNDLE_IDENTIFIER = a.b.HomeAssignmentUITests;
				PRODUCT_NAME = "$(TARGET_NAME)";
				SWIFT_EMIT_LOC_STRINGS = NO;
				SWIFT_VERSION = 5.0;
				TARGETED_DEVICE_FAMILY = "1,2";
				TEST_HOST = "$(BUILT_PRODUCTS_DIR)/HomeAssignmentUI.app/$(BUNDLE_EXECUTABLE_FOLDER_PATH)/HomeAssignmentUI";
			};
			name = Debug;
		};
		5C656DBF2A989E5800842777 /* Release */ = {
			isa = XCBuildConfiguration;
			buildSettings = {
				ALWAYS_EMBED_SWIFT_STANDARD_LIBRARIES = YES;
				BUNDLE_LOADER = "$(TEST_HOST)";
				CODE_SIGN_STYLE = Automatic;
				CURRENT_PROJECT_VERSION = 1;
				DEVELOPMENT_TEAM = CM866MBGB3;
				GENERATE_INFOPLIST_FILE = YES;
				IPHONEOS_DEPLOYMENT_TARGET = 16.2;
				MARKETING_VERSION = 1.0;
				PRODUCT_BUNDLE_IDENTIFIER = a.b.HomeAssignmentUITests;
				PRODUCT_NAME = "$(TARGET_NAME)";
				SWIFT_EMIT_LOC_STRINGS = NO;
				SWIFT_VERSION = 5.0;
				TARGETED_DEVICE_FAMILY = "1,2";
				TEST_HOST = "$(BUILT_PRODUCTS_DIR)/HomeAssignmentUI.app/$(BUNDLE_EXECUTABLE_FOLDER_PATH)/HomeAssignmentUI";
			};
			name = Release;
		};
		5C656DC12A989E5800842777 /* Debug */ = {
			isa = XCBuildConfiguration;
			buildSettings = {
				ALWAYS_EMBED_SWIFT_STANDARD_LIBRARIES = YES;
				CODE_SIGN_STYLE = Automatic;
				CURRENT_PROJECT_VERSION = 1;
				DEVELOPMENT_TEAM = CM866MBGB3;
				GENERATE_INFOPLIST_FILE = YES;
				MARKETING_VERSION = 1.0;
				PRODUCT_BUNDLE_IDENTIFIER = a.b.HomeAssignmentUIUITests;
				PRODUCT_NAME = "$(TARGET_NAME)";
				SWIFT_EMIT_LOC_STRINGS = NO;
				SWIFT_VERSION = 5.0;
				TARGETED_DEVICE_FAMILY = "1,2";
				TEST_TARGET_NAME = HomeAssignmentUI;
			};
			name = Debug;
		};
		5C656DC22A989E5800842777 /* Release */ = {
			isa = XCBuildConfiguration;
			buildSettings = {
				ALWAYS_EMBED_SWIFT_STANDARD_LIBRARIES = YES;
				CODE_SIGN_STYLE = Automatic;
				CURRENT_PROJECT_VERSION = 1;
				DEVELOPMENT_TEAM = CM866MBGB3;
				GENERATE_INFOPLIST_FILE = YES;
				MARKETING_VERSION = 1.0;
				PRODUCT_BUNDLE_IDENTIFIER = a.b.HomeAssignmentUIUITests;
				PRODUCT_NAME = "$(TARGET_NAME)";
				SWIFT_EMIT_LOC_STRINGS = NO;
				SWIFT_VERSION = 5.0;
				TARGETED_DEVICE_FAMILY = "1,2";
				TEST_TARGET_NAME = HomeAssignmentUI;
			};
			name = Release;
		};
/* End XCBuildConfiguration section */

/* Begin XCConfigurationList section */
		5C656D882A989E5300842777 /* Build configuration list for PBXProject "HomeAssignmentUI" */ = {
			isa = XCConfigurationList;
			buildConfigurations = (
				5C656DB82A989E5800842777 /* Debug */,
				5C656DB92A989E5800842777 /* Release */,
			);
			defaultConfigurationIsVisible = 0;
			defaultConfigurationName = Release;
		};
		5C656DBA2A989E5800842777 /* Build configuration list for PBXNativeTarget "HomeAssignmentUI" */ = {
			isa = XCConfigurationList;
			buildConfigurations = (
				5C656DBB2A989E5800842777 /* Debug */,
				5C656DBC2A989E5800842777 /* Release */,
			);
			defaultConfigurationIsVisible = 0;
			defaultConfigurationName = Release;
		};
		5C656DBD2A989E5800842777 /* Build configuration list for PBXNativeTarget "HomeAssignmentUITests" */ = {
			isa = XCConfigurationList;
			buildConfigurations = (
				5C656DBE2A989E5800842777 /* Debug */,
				5C656DBF2A989E5800842777 /* Release */,
			);
			defaultConfigurationIsVisible = 0;
			defaultConfigurationName = Release;
		};
		5C656DC02A989E5800842777 /* Build configuration list for PBXNativeTarget "HomeAssignmentUIUITests" */ = {
			isa = XCConfigurationList;
			buildConfigurations = (
				5C656DC12A989E5800842777 /* Debug */,
				5C656DC22A989E5800842777 /* Release */,
			);
			defaultConfigurationIsVisible = 0;
			defaultConfigurationName = Release;
		};
/* End XCConfigurationList section */
	};
	rootObject = 5C656D852A989E5300842777 /* Project object */;
}
